
Microsoft Visual Studio Solution File, Format Version 12.00
# Visual Studio Version 17
VisualStudioVersion = 17.6.33815.320
MinimumVisualStudioVersion = 10.0.40219.1
Project("{FAE04EC0-301F-11D3-BF4B-00C04F79EFBC}") = "Task1API", "Task1API\Task1API.csproj", "{90936A96-0486-4F22-B2EF-724089C43174}"
EndProject
Global
	GlobalSection(SolutionConfigurationPlatforms) = preSolution
		Debug|Any CPU = Debug|Any CPU
		Release|Any CPU = Release|Any CPU
	EndGlobalSection
	GlobalSection(ProjectConfigurationPlatforms) = postSolution
		{90936A96-0486-4F22-B2EF-724089C43174}.Debug|Any CPU.ActiveCfg = Debug|Any CPU
		{90936A96-0486-4F22-B2EF-724089C43174}.Debug|Any CPU.Build.0 = Debug|Any CPU
		{90936A96-0486-4F22-B2EF-724089C43174}.Release|Any CPU.ActiveCfg = Release|Any CPU
		{90936A96-0486-4F22-B2EF-724089C43174}.Release|Any CPU.Build.0 = Release|Any CPU
	EndGlobalSection
	GlobalSection(SolutionProperties) = preSolution
		HideSolutionNode = FALSE
	EndGlobalSection
	GlobalSection(ExtensibilityGlobals) = postSolution
		SolutionGuid = {9054470F-9993-432A-AF19-FB83A7976E2A}
	EndGlobalSection
EndGlobal
